// !$*UTF8*$!
{
	archiveVersion = 1;
	classes = {
	};
	objectVersion = 50;
	objects = {

/* Begin PBXBuildFile section */
		6A2662E82551851F00D2DA34 /* AppDelegate.swift in Sources */ = {isa = PBXBuildFile; fileRef = 6A2662E72551851F00D2DA34 /* AppDelegate.swift */; };
		6A2662EA2551851F00D2DA34 /* SceneDelegate.swift in Sources */ = {isa = PBXBuildFile; fileRef = 6A2662E92551851F00D2DA34 /* SceneDelegate.swift */; };
		6A2662EC2551851F00D2DA34 /* ViewController.swift in Sources */ = {isa = PBXBuildFile; fileRef = 6A2662EB2551851F00D2DA34 /* ViewController.swift */; };
		6A2662EF2551851F00D2DA34 /* Main.storyboard in Resources */ = {isa = PBXBuildFile; fileRef = 6A2662ED2551851F00D2DA34 /* Main.storyboard */; };
		6A2662F12551852100D2DA34 /* Assets.xcassets in Resources */ = {isa = PBXBuildFile; fileRef = 6A2662F02551852100D2DA34 /* Assets.xcassets */; };
		6A2662F42551852100D2DA34 /* LaunchScreen.storyboard in Resources */ = {isa = PBXBuildFile; fileRef = 6A2662F22551852100D2DA34 /* LaunchScreen.storyboard */; };
		6A2662FF2551852100D2DA34 /* BMI_calculatorTests.swift in Sources */ = {isa = PBXBuildFile; fileRef = 6A2662FE2551852100D2DA34 /* BMI_calculatorTests.swift */; };
		6AD65D1525541D3D0035C10F /* Person.swift in Sources */ = {isa = PBXBuildFile; fileRef = 6AD65D1425541D3D0035C10F /* Person.swift */; };
		6AD65D1B255425540035C10F /* OnePersonTableViewCell.swift in Sources */ = {isa = PBXBuildFile; fileRef = 6AD65D1A255425540035C10F /* OnePersonTableViewCell.swift */; };
		6AD65D1D255428DD0035C10F /* OnePersonTableViewController.swift in Sources */ = {isa = PBXBuildFile; fileRef = 6AD65D1C255428DD0035C10F /* OnePersonTableViewController.swift */; };
/* End PBXBuildFile section */

/* Begin PBXContainerItemProxy section */
		6A2662FB2551852100D2DA34 /* PBXContainerItemProxy */ = {
			isa = PBXContainerItemProxy;
			containerPortal = 6A2662DC2551851F00D2DA34 /* Project object */;
			proxyType = 1;
			remoteGlobalIDString = 6A2662E32551851F00D2DA34;
			remoteInfo = BMI_calculator;
		};
/* End PBXContainerItemProxy section */

/* Begin PBXFileReference section */
		6A2662E42551851F00D2DA34 /* BMI_calculator.app */ = {isa = PBXFileReference; explicitFileType = wrapper.application; includeInIndex = 0; path = BMI_calculator.app; sourceTree = BUILT_PRODUCTS_DIR; };
		6A2662E72551851F00D2DA34 /* AppDelegate.swift */ = {isa = PBXFileReference; lastKnownFileType = sourcecode.swift; path = AppDelegate.swift; sourceTree = "<group>"; };
		6A2662E92551851F00D2DA34 /* SceneDelegate.swift */ = {isa = PBXFileReference; lastKnownFileType = sourcecode.swift; path = SceneDelegate.swift; sourceTree = "<group>"; };
		6A2662EB2551851F00D2DA34 /* ViewController.swift */ = {isa = PBXFileReference; lastKnownFileType = sourcecode.swift; path = ViewController.swift; sourceTree = "<group>"; };
		6A2662EE2551851F00D2DA34 /* Base */ = {isa = PBXFileReference; lastKnownFileType = file.storyboard; name = Base; path = Base.lproj/Main.storyboard; sourceTree = "<group>"; };
		6A2662F02551852100D2DA34 /* Assets.xcassets */ = {isa = PBXFileReference; lastKnownFileType = folder.assetcatalog; path = Assets.xcassets; sourceTree = "<group>"; };
		6A2662F32551852100D2DA34 /* Base */ = {isa = PBXFileReference; lastKnownFileType = file.storyboard; name = Base; path = Base.lproj/LaunchScreen.storyboard; sourceTree = "<group>"; };
		6A2662F52551852100D2DA34 /* Info.plist */ = {isa = PBXFileReference; lastKnownFileType = text.plist.xml; path = Info.plist; sourceTree = "<group>"; };
		6A2662FA2551852100D2DA34 /* BMI_calculatorTests.xctest */ = {isa = PBXFileReference; explicitFileType = wrapper.cfbundle; includeInIndex = 0; path = BMI_calculatorTests.xctest; sourceTree = BUILT_PRODUCTS_DIR; };
		6A2662FE2551852100D2DA34 /* BMI_calculatorTests.swift */ = {isa = PBXFileReference; lastKnownFileType = sourcecode.swift; path = BMI_calculatorTests.swift; sourceTree = "<group>"; };
		6A2663002551852100D2DA34 /* Info.plist */ = {isa = PBXFileReference; lastKnownFileType = text.plist.xml; path = Info.plist; sourceTree = "<group>"; };
		6AD65D1425541D3D0035C10F /* Person.swift */ = {isa = PBXFileReference; lastKnownFileType = sourcecode.swift; path = Person.swift; sourceTree = "<group>"; };
		6AD65D1A255425540035C10F /* OnePersonTableViewCell.swift */ = {isa = PBXFileReference; lastKnownFileType = sourcecode.swift; name = OnePersonTableViewCell.swift; path = ../OnePersonTableViewCell.swift; sourceTree = "<group>"; };
		6AD65D1C255428DD0035C10F /* OnePersonTableViewController.swift */ = {isa = PBXFileReference; lastKnownFileType = sourcecode.swift; path = OnePersonTableViewController.swift; sourceTree = "<group>"; };
/* End PBXFileReference section */

/* Begin PBXFrameworksBuildPhase section */
		6A2662E12551851F00D2DA34 /* Frameworks */ = {
			isa = PBXFrameworksBuildPhase;
			buildActionMask = 2147483647;
			files = (
			);
			runOnlyForDeploymentPostprocessing = 0;
		};
		6A2662F72551852100D2DA34 /* Frameworks */ = {
			isa = PBXFrameworksBuildPhase;
			buildActionMask = 2147483647;
			files = (
			);
			runOnlyForDeploymentPostprocessing = 0;
		};
/* End PBXFrameworksBuildPhase section */

/* Begin PBXGroup section */
		6A2662DB2551851F00D2DA34 = {
			isa = PBXGroup;
			children = (
				6A2662E62551851F00D2DA34 /* BMI_calculator */,
				6A2662FD2551852100D2DA34 /* BMI_calculatorTests */,
				6A2662E52551851F00D2DA34 /* Products */,
			);
			sourceTree = "<group>";
		};
		6A2662E52551851F00D2DA34 /* Products */ = {
			isa = PBXGroup;
			children = (
				6A2662E42551851F00D2DA34 /* BMI_calculator.app */,
				6A2662FA2551852100D2DA34 /* BMI_calculatorTests.xctest */,
			);
			name = Products;
			sourceTree = "<group>";
		};
		6A2662E62551851F00D2DA34 /* BMI_calculator */ = {
			isa = PBXGroup;
			children = (
				6AD65D1C255428DD0035C10F /* OnePersonTableViewController.swift */,
				6AD65D1A255425540035C10F /* OnePersonTableViewCell.swift */,
				6A2662E72551851F00D2DA34 /* AppDelegate.swift */,
				6A2662E92551851F00D2DA34 /* SceneDelegate.swift */,
				6A2662EB2551851F00D2DA34 /* ViewController.swift */,
				6AD65D1425541D3D0035C10F /* Person.swift */,
				6A2662ED2551851F00D2DA34 /* Main.storyboard */,
				6A2662F02551852100D2DA34 /* Assets.xcassets */,
				6A2662F22551852100D2DA34 /* LaunchScreen.storyboard */,
				6A2662F52551852100D2DA34 /* Info.plist */,
			);
			path = BMI_calculator;
			sourceTree = "<group>";
		};
		6A2662FD2551852100D2DA34 /* BMI_calculatorTests */ = {
			isa = PBXGroup;
			children = (
				6A2662FE2551852100D2DA34 /* BMI_calculatorTests.swift */,
				6A2663002551852100D2DA34 /* Info.plist */,
			);
			path = BMI_calculatorTests;
			sourceTree = "<group>";
		};
/* End PBXGroup section */

/* Begin PBXNativeTarget section */
		6A2662E32551851F00D2DA34 /* BMI_calculator */ = {
			isa = PBXNativeTarget;
			buildConfigurationList = 6A2663032551852100D2DA34 /* Build configuration list for PBXNativeTarget "BMI_calculator" */;
			buildPhases = (
				6A2662E02551851F00D2DA34 /* Sources */,
				6A2662E12551851F00D2DA34 /* Frameworks */,
				6A2662E22551851F00D2DA34 /* Resources */,
			);
			buildRules = (
			);
			dependencies = (
			);
			name = BMI_calculator;
			productName = BMI_calculator;
			productReference = 6A2662E42551851F00D2DA34 /* BMI_calculator.app */;
			productType = "com.apple.product-type.application";
		};
		6A2662F92551852100D2DA34 /* BMI_calculatorTests */ = {
			isa = PBXNativeTarget;
			buildConfigurationList = 6A2663062551852100D2DA34 /* Build configuration list for PBXNativeTarget "BMI_calculatorTests" */;
			buildPhases = (
				6A2662F62551852100D2DA34 /* Sources */,
				6A2662F72551852100D2DA34 /* Frameworks */,
				6A2662F82551852100D2DA34 /* Resources */,
			);
			buildRules = (
			);
			dependencies = (
				6A2662FC2551852100D2DA34 /* PBXTargetDependency */,
			);
			name = BMI_calculatorTests;
			productName = BMI_calculatorTests;
			productReference = 6A2662FA2551852100D2DA34 /* BMI_calculatorTests.xctest */;
			productType = "com.apple.product-type.bundle.unit-test";
		};
/* End PBXNativeTarget section */

/* Begin PBXProject section */
		6A2662DC2551851F00D2DA34 /* Project object */ = {
			isa = PBXProject;
			attributes = {
				LastSwiftUpdateCheck = 1140;
				LastUpgradeCheck = 1140;
				ORGANIZATIONNAME = iosdev;
				TargetAttributes = {
					6A2662E32551851F00D2DA34 = {
						CreatedOnToolsVersion = 11.4.1;
					};
					6A2662F92551852100D2DA34 = {
						CreatedOnToolsVersion = 11.4.1;
						TestTargetID = 6A2662E32551851F00D2DA34;
					};
				};
			};
			buildConfigurationList = 6A2662DF2551851F00D2DA34 /* Build configuration list for PBXProject "BMI_calculator" */;
			compatibilityVersion = "Xcode 9.3";
			developmentRegion = en;
			hasScannedForEncodings = 0;
			knownRegions = (
				en,
				Base,
			);
			mainGroup = 6A2662DB2551851F00D2DA34;
			productRefGroup = 6A2662E52551851F00D2DA34 /* Products */;
			projectDirPath = "";
			projectRoot = "";
			targets = (
				6A2662E32551851F00D2DA34 /* BMI_calculator */,
				6A2662F92551852100D2DA34 /* BMI_calculatorTests */,
			);
		};
/* End PBXProject section */

/* Begin PBXResourcesBuildPhase section */
		6A2662E22551851F00D2DA34 /* Resources */ = {
			isa = PBXResourcesBuildPhase;
			buildActionMask = 2147483647;
			files = (
				6A2662F42551852100D2DA34 /* LaunchScreen.storyboard in Resources */,
				6A2662F12551852100D2DA34 /* Assets.xcassets in Resources */,
				6A2662EF2551851F00D2DA34 /* Main.storyboard in Resources */,
			);
			runOnlyForDeploymentPostprocessing = 0;
		};
		6A2662F82551852100D2DA34 /* Resources */ = {
			isa = PBXResourcesBuildPhase;
			buildActionMask = 2147483647;
			files = (
			);
			runOnlyForDeploymentPostprocessing = 0;
		};
/* End PBXResourcesBuildPhase section */

/* Begin PBXSourcesBuildPhase section */
		6A2662E02551851F00D2DA34 /* Sources */ = {
			isa = PBXSourcesBuildPhase;
			buildActionMask = 2147483647;
			files = (
				6AD65D1B255425540035C10F /* OnePersonTableViewCell.swift in Sources */,
				6A2662EC2551851F00D2DA34 /* ViewController.swift in Sources */,
				6A2662E82551851F00D2DA34 /* AppDelegate.swift in Sources */,
				6AD65D1525541D3D0035C10F /* Person.swift in Sources */,
				6A2662EA2551851F00D2DA34 /* SceneDelegate.swift in Sources */,
				6AD65D1D255428DD0035C10F /* OnePersonTableViewController.swift in Sources */,
			);
			runOnlyForDeploymentPostprocessing = 0;
		};
		6A2662F62551852100D2DA34 /* Sources */ = {
			isa = PBXSourcesBuildPhase;
			buildActionMask = 2147483647;
			files = (
				6A2662FF2551852100D2DA34 /* BMI_calculatorTests.swift in Sources */,
			);
			runOnlyForDeploymentPostprocessing = 0;
		};
/* End PBXSourcesBuildPhase section */

/* Begin PBXTargetDependency section */
		6A2662FC2551852100D2DA34 /* PBXTargetDependency */ = {
			isa = PBXTargetDependency;
			target = 6A2662E32551851F00D2DA34 /* BMI_calculator */;
			targetProxy = 6A2662FB2551852100D2DA34 /* PBXContainerItemProxy */;
		};
/* End PBXTargetDependency section */

/* Begin PBXVariantGroup section */
		6A2662ED2551851F00D2DA34 /* Main.storyboard */ = {
			isa = PBXVariantGroup;
			children = (
				6A2662EE2551851F00D2DA34 /* Base */,
			);
			name = Main.storyboard;
			sourceTree = "<group>";
		};
		6A2662F22551852100D2DA34 /* LaunchScreen.storyboard */ = {
			isa = PBXVariantGroup;
			children = (
				6A2662F32551852100D2DA34 /* Base */,
			);
			name = LaunchScreen.storyboard;
			sourceTree = "<group>";
		};
/* End PBXVariantGroup section */

/* Begin XCBuildConfiguration section */
		6A2663012551852100D2DA34 /* Debug */ = {
			isa = XCBuildConfiguration;
			buildSettings = {
				ALWAYS_SEARCH_USER_PATHS = NO;
				CLANG_ANALYZER_NONNULL = YES;
				CLANG_ANALYZER_NUMBER_OBJECT_CONVERSION = YES_AGGRESSIVE;
				CLANG_CXX_LANGUAGE_STANDARD = "gnu++14";
				CLANG_CXX_LIBRARY = "libc++";
				CLANG_ENABLE_MODULES = YES;
				CLANG_ENABLE_OBJC_ARC = YES;
				CLANG_ENABLE_OBJC_WEAK = YES;
				CLANG_WARN_BLOCK_CAPTURE_AUTORELEASING = YES;
				CLANG_WARN_BOOL_CONVERSION = YES;
				CLANG_WARN_COMMA = YES;
				CLANG_WARN_CONSTANT_CONVERSION = YES;
				CLANG_WARN_DEPRECATED_OBJC_IMPLEMENTATIONS = YES;
				CLANG_WARN_DIRECT_OBJC_ISA_USAGE = YES_ERROR;
				CLANG_WARN_DOCUMENTATION_COMMENTS = YES;
				CLANG_WARN_EMPTY_BODY = YES;
				CLANG_WARN_ENUM_CONVERSION = YES;
				CLANG_WARN_INFINITE_RECURSION = YES;
				CLANG_WARN_INT_CONVERSION = YES;
				CLANG_WARN_NON_LITERAL_NULL_CONVERSION = YES;
				CLANG_WARN_OBJC_IMPLICIT_RETAIN_SELF = YES;
				CLANG_WARN_OBJC_LITERAL_CONVERSION = YES;
				CLANG_WARN_OBJC_ROOT_CLASS = YES_ERROR;
				CLANG_WARN_RANGE_LOOP_ANALYSIS = YES;
				CLANG_WARN_STRICT_PROTOTYPES = YES;
				CLANG_WARN_SUSPICIOUS_MOVE = YES;
				CLANG_WARN_UNGUARDED_AVAILABILITY = YES_AGGRESSIVE;
				CLANG_WARN_UNREACHABLE_CODE = YES;
				CLANG_WARN__DUPLICATE_METHOD_MATCH = YES;
				COPY_PHASE_STRIP = NO;
				DEBUG_INFORMATION_FORMAT = dwarf;
				ENABLE_STRICT_OBJC_MSGSEND = YES;
				ENABLE_TESTABILITY = YES;
				GCC_C_LANGUAGE_STANDARD = gnu11;
				GCC_DYNAMIC_NO_PIC = NO;
				GCC_NO_COMMON_BLOCKS = YES;
				GCC_OPTIMIZATION_LEVEL = 0;
				GCC_PREPROCESSOR_DEFINITIONS = (
					"DEBUG=1",
					"$(inherited)",
				);
				GCC_WARN_64_TO_32_BIT_CONVERSION = YES;
				GCC_WARN_ABOUT_RETURN_TYPE = YES_ERROR;
				GCC_WARN_UNDECLARED_SELECTOR = YES;
				GCC_WARN_UNINITIALIZED_AUTOS = YES_AGGRESSIVE;
				GCC_WARN_UNUSED_FUNCTION = YES;
				GCC_WARN_UNUSED_VARIABLE = YES;
				IPHONEOS_DEPLOYMENT_TARGET = 13.4;
				MTL_ENABLE_DEBUG_INFO = INCLUDE_SOURCE;
				MTL_FAST_MATH = YES;
				ONLY_ACTIVE_ARCH = YES;
				SDKROOT = iphoneos;
				SWIFT_ACTIVE_COMPILATION_CONDITIONS = DEBUG;
				SWIFT_OPTIMIZATION_LEVEL = "-Onone";
			};
			name = Debug;
		};
		6A2663022551852100D2DA34 /* Release */ = {
			isa = XCBuildConfiguration;
			buildSettings = {
				ALWAYS_SEARCH_USER_PATHS = NO;
				CLANG_ANALYZER_NONNULL = YES;
				CLANG_ANALYZER_NUMBER_OBJECT_CONVERSION = YES_AGGRESSIVE;
				CLANG_CXX_LANGUAGE_STANDARD = "gnu++14";
				CLANG_CXX_LIBRARY = "libc++";
				CLANG_ENABLE_MODULES = YES;
				CLANG_ENABLE_OBJC_ARC = YES;
				CLANG_ENABLE_OBJC_WEAK = YES;
				CLANG_WARN_BLOCK_CAPTURE_AUTORELEASING = YES;
				CLANG_WARN_BOOL_CONVERSION = YES;
				CLANG_WARN_COMMA = YES;
				CLANG_WARN_CONSTANT_CONVERSION = YES;
				CLANG_WARN_DEPRECATED_OBJC_IMPLEMENTATIONS = YES;
				CLANG_WARN_DIRECT_OBJC_ISA_USAGE = YES_ERROR;
				CLANG_WARN_DOCUMENTATION_COMMENTS = YES;
				CLANG_WARN_EMPTY_BODY = YES;
				CLANG_WARN_ENUM_CONVERSION = YES;
				CLANG_WARN_INFINITE_RECURSION = YES;
				CLANG_WARN_INT_CONVERSION = YES;
				CLANG_WARN_NON_LITERAL_NULL_CONVERSION = YES;
				CLANG_WARN_OBJC_IMPLICIT_RETAIN_SELF = YES;
				CLANG_WARN_OBJC_LITERAL_CONVERSION = YES;
				CLANG_WARN_OBJC_ROOT_CLASS = YES_ERROR;
				CLANG_WARN_RANGE_LOOP_ANALYSIS = YES;
				CLANG_WARN_STRICT_PROTOTYPES = YES;
				CLANG_WARN_SUSPICIOUS_MOVE = YES;
				CLANG_WARN_UNGUARDED_AVAILABILITY = YES_AGGRESSIVE;
				CLANG_WARN_UNREACHABLE_CODE = YES;
				CLANG_WARN__DUPLICATE_METHOD_MATCH = YES;
				COPY_PHASE_STRIP = NO;
				DEBUG_INFORMATION_FORMAT = "dwarf-with-dsym";
				ENABLE_NS_ASSERTIONS = NO;
				ENABLE_STRICT_OBJC_MSGSEND = YES;
				GCC_C_LANGUAGE_STANDARD = gnu11;
				GCC_NO_COMMON_BLOCKS = YES;
				GCC_WARN_64_TO_32_BIT_CONVERSION = YES;
				GCC_WARN_ABOUT_RETURN_TYPE = YES_ERROR;
				GCC_WARN_UNDECLARED_SELECTOR = YES;
				GCC_WARN_UNINITIALIZED_AUTOS = YES_AGGRESSIVE;
				GCC_WARN_UNUSED_FUNCTION = YES;
				GCC_WARN_UNUSED_VARIABLE = YES;
				IPHONEOS_DEPLOYMENT_TARGET = 13.4;
				MTL_ENABLE_DEBUG_INFO = NO;
				MTL_FAST_MATH = YES;
				SDKROOT = iphoneos;
				SWIFT_COMPILATION_MODE = wholemodule;
				SWIFT_OPTIMIZATION_LEVEL = "-O";
				VALIDATE_PRODUCT = YES;
			};
			name = Release;
		};
		6A2663042551852100D2DA34 /* Debug */ = {
			isa = XCBuildConfiguration;
			buildSettings = {
				ASSETCATALOG_COMPILER_APPICON_NAME = AppIcon;
				CODE_SIGN_STYLE = Automatic;
				INFOPLIST_FILE = BMI_calculator/Info.plist;
				LD_RUNPATH_SEARCH_PATHS = (
					"$(inherited)",
					"@executable_path/Frameworks",
				);
				PRODUCT_BUNDLE_IDENTIFIER = "com.yourcompany.iosdev.BMI-calculator";
				PRODUCT_NAME = "$(TARGET_NAME)";
				SWIFT_VERSION = 5.0;
				TARGETED_DEVICE_FAMILY = "1,2";
			};
			name = Debug;
		};
		6A2663052551852100D2DA34 /* Release */ = {
			isa = XCBuildConfiguration;
			buildSettings = {
				ASSETCATALOG_COMPILER_APPICON_NAME = AppIcon;
				CODE_SIGN_STYLE = Automatic;
				INFOPLIST_FILE = BMI_calculator/Info.plist;
				LD_RUNPATH_SEARCH_PATHS = (
					"$(inherited)",
					"@executable_path/Frameworks",
				);
				PRODUCT_BUNDLE_IDENTIFIER = "com.yourcompany.iosdev.BMI-calculator";
				PRODUCT_NAME = "$(TARGET_NAME)";
				SWIFT_VERSION = 5.0;
				TARGETED_DEVICE_FAMILY = "1,2";
			};
			name = Release;
		};
		6A2663072551852100D2DA34 /* Debug */ = {
			isa = XCBuildConfiguration;
			buildSettings = {
				ALWAYS_EMBED_SWIFT_STANDARD_LIBRARIES = YES;
				BUNDLE_LOADER = "$(TEST_HOST)";
				CODE_SIGN_STYLE = Automatic;
				INFOPLIST_FILE = BMI_calculatorTests/Info.plist;
				IPHONEOS_DEPLOYMENT_TARGET = 13.4;
				LD_RUNPATH_SEARCH_PATHS = (
					"$(inherited)",
					"@executable_path/Frameworks",
					"@loader_path/Frameworks",
				);
				PRODUCT_BUNDLE_IDENTIFIER = "com.yourcompany.iosdev.BMI-calculatorTests";
				PRODUCT_NAME = "$(TARGET_NAME)";
				SWIFT_VERSION = 5.0;
				TARGETED_DEVICE_FAMILY = "1,2";
				TEST_HOST = "$(BUILT_PRODUCTS_DIR)/BMI_calculator.app/BMI_calculator";
			};
			name = Debug;
		};
		6A2663082551852100D2DA34 /* Release */ = {
			isa = XCBuildConfiguration;
			buildSettings = {
				ALWAYS_EMBED_SWIFT_STANDARD_LIBRARIES = YES;
				BUNDLE_LOADER = "$(TEST_HOST)";
				CODE_SIGN_STYLE = Automatic;
				INFOPLIST_FILE = BMI_calculatorTests/Info.plist;
				IPHONEOS_DEPLOYMENT_TARGET = 13.4;
				LD_RUNPATH_SEARCH_PATHS = (
					"$(inherited)",
					"@executable_path/Frameworks",
					"@loader_path/Frameworks",
				);
				PRODUCT_BUNDLE_IDENTIFIER = "com.yourcompany.iosdev.BMI-calculatorTests";
				PRODUCT_NAME = "$(TARGET_NAME)";
				SWIFT_VERSION = 5.0;
				TARGETED_DEVICE_FAMILY = "1,2";
				TEST_HOST = "$(BUILT_PRODUCTS_DIR)/BMI_calculator.app/BMI_calculator";
			};
			name = Release;
		};
/* End XCBuildConfiguration section */

/* Begin XCConfigurationList section */
		6A2662DF2551851F00D2DA34 /* Build configuration list for PBXProject "BMI_calculator" */ = {
			isa = XCConfigurationList;
			buildConfigurations = (
				6A2663012551852100D2DA34 /* Debug */,
				6A2663022551852100D2DA34 /* Release */,
			);
			defaultConfigurationIsVisible = 0;
			defaultConfigurationName = Release;
		};
		6A2663032551852100D2DA34 /* Build configuration list for PBXNativeTarget "BMI_calculator" */ = {
			isa = XCConfigurationList;
			buildConfigurations = (
				6A2663042551852100D2DA34 /* Debug */,
				6A2663052551852100D2DA34 /* Release */,
			);
			defaultConfigurationIsVisible = 0;
			defaultConfigurationName = Release;
		};
		6A2663062551852100D2DA34 /* Build configuration list for PBXNativeTarget "BMI_calculatorTests" */ = {
			isa = XCConfigurationList;
			buildConfigurations = (
				6A2663072551852100D2DA34 /* Debug */,
				6A2663082551852100D2DA34 /* Release */,
			);
			defaultConfigurationIsVisible = 0;
			defaultConfigurationName = Release;
		};
/* End XCConfigurationList section */
	};
	rootObject = 6A2662DC2551851F00D2DA34 /* Project object */;
}
